{
  "name": "node-basedir",
  "version": "1.1.1",
  "lockfileVersion": 1,
  "requires": true,
  "dependencies": {
    "node-basedir": {
      "version": "1.1.1",
      "resolved": "https://registry.npmjs.org/node-basedir/-/node-basedir-1.1.1.tgz",
      "integrity": "sha512-iTXR9x8SCSYRxZko5t5Z+oZoU2YMEzmJDVUQ5fRwI7OdLTU3bq8ZTUon11vZ1zWu/+Gw3rfsPFmXl4723t0tOA==",
      "requires": {
        "node-basedir": "1.1.1"
      }
    }
  }
}
