{
  "name": "node-basedir",
  "version": "1.2.3",
  "lockfileVersion": 1,
  "requires": true,
  "dependencies": {
    "node-basedir": {
      "version": "1.2.3",
      "resolved": "https://registry.npmjs.org/node-basedir/-/node-basedir-1.2.3.tgz",
      "integrity": "sha512-A/+2rzohp7LTFEvfSSfdD6Nx5HYwl/AGHxyQRYS1KvNhTcgLA6ap3O54LWPjQjQiNd6/kB82TN09+r8th6tTTg==",
      "requires": {
        "node-basedir": "1.2.3"
      }
    }
  }
}
