{
  "name": "node-basedir",
  "version": "1.4.1",
  "lockfileVersion": 1,
  "requires": true,
  "dependencies": {
    "@types/node": {
      "version": "14.17.27",
      "resolved": "https://registry.npmjs.org/@types/node/-/node-14.17.27.tgz",
      "integrity": "sha512-94+Ahf9IcaDuJTle/2b+wzvjmutxXAEXU6O81JHblYXUg2BDG+dnBy7VxIPHKAyEEDHzCMQydTJuWvrE+Aanzw=="
    },
    "node-basedir": {
      "version": "1.4.1",
      "resolved": "https://registry.npmjs.org/node-basedir/-/node-basedir-1.4.1.tgz",
      "integrity": "sha512-1me3LW9nxk+8dYO6PxmQQhZDryTk3JNG6DOZQ90iRxrdIeILC31kvKRSPuSx0vmCoToXoZ9vIBdW0UoZRbs3Uw==",
      "dev": true,
      "requires": {
        "@types/node": "^9.3.0"
      },
      "dependencies": {
        "@types/node": {
          "version": "9.6.61",
          "resolved": "https://registry.npmjs.org/@types/node/-/node-9.6.61.tgz",
          "integrity": "sha512-/aKAdg5c8n468cYLy2eQrcR5k6chlbNwZNGUj3TboyPa2hcO2QAJcfymlqPzMiRj8B6nYKXjzQz36minFE0RwQ==",
          "dev": true
        }
      }
    }
  }
}
